<Solution>
  <Project Path="frontend/frontend.esproj">
    <Build />
    <Deploy />
  </Project>
  <Project Path="WebAppExample.AppHost/WebAppExample.AppHost.csproj" />
  <Project Path="WebAppExample.McpServer/WebAppExample.McpServer.csproj" />
  <Project Path="WebAppExample.Server/WebAppExample.Server.csproj" />
  <Project Path="WebAppExample.ServiceDefaults/WebAppExample.ServiceDefaults.csproj" />
</Solution>
